
Microsoft Visual Studio Solution File, Format Version 11.00
# Visual Studio 2010
Project("{FAE04EC0-301F-11D3-BF4B-00C04F79EFBC}") = "Base64Encoder", "Base64Encoder\Base64Encoder.csproj", "{57EE7903-A204-45F8-987D-EC1221214D76}"
EndProject
Project("{FAE04EC0-301F-11D3-BF4B-00C04F79EFBC}") = "Base64EncoderTests", "Base64EncoderTests\Base64EncoderTests.csproj", "{0DC15244-D254-4804-9E1F-D2EE2FC9720A}"
EndProject
Project("{2150E333-8FDC-42A3-9474-1A3956D46DE8}") = "Solution Items", "Solution Items", "{9F1E58D5-5FAF-4FB0-A975-3D1E1D33FB2B}"
	ProjectSection(SolutionItems) = preProject
		Base64Encoder.snk = Base64Encoder.snk
		GlobalAssemblyInfo.cs = GlobalAssemblyInfo.cs
		readme.md = readme.md
	EndProjectSection
EndProject
Global
	GlobalSection(SolutionConfigurationPlatforms) = preSolution
		Debug|Any CPU = Debug|Any CPU
		Release|Any CPU = Release|Any CPU
	EndGlobalSection
	GlobalSection(ProjectConfigurationPlatforms) = postSolution
		{57EE7903-A204-45F8-987D-EC1221214D76}.Debug|Any CPU.ActiveCfg = Debug|Any CPU
		{57EE7903-A204-45F8-987D-EC1221214D76}.Debug|Any CPU.Build.0 = Debug|Any CPU
		{57EE7903-A204-45F8-987D-EC1221214D76}.Release|Any CPU.ActiveCfg = Release|Any CPU
		{57EE7903-A204-45F8-987D-EC1221214D76}.Release|Any CPU.Build.0 = Release|Any CPU
		{0DC15244-D254-4804-9E1F-D2EE2FC9720A}.Debug|Any CPU.ActiveCfg = Debug|Any CPU
		{0DC15244-D254-4804-9E1F-D2EE2FC9720A}.Debug|Any CPU.Build.0 = Debug|Any CPU
		{0DC15244-D254-4804-9E1F-D2EE2FC9720A}.Release|Any CPU.ActiveCfg = Release|Any CPU
		{0DC15244-D254-4804-9E1F-D2EE2FC9720A}.Release|Any CPU.Build.0 = Release|Any CPU
	EndGlobalSection
	GlobalSection(SolutionProperties) = preSolution
		HideSolutionNode = FALSE
	EndGlobalSection
EndGlobal
